
Microsoft Visual Studio Solution File, Format Version 12.00
# Visual Studio Version 18
VisualStudioVersion = 18.9.12120.119 stable
MinimumVisualStudioVersion = 10.0.40219.1
Project("{FAE04EC0-301F-11D3-BF4B-00C04F79EFBC}") = "TarmacControl", "TarmacControl\TarmacControl.csproj", "{C9F01A8C-F244-40EB-BFEB-D07C85673E0F}"
EndProject
Project("{FAE04EC0-301F-11D3-BF4B-00C04F79EFBC}") = "TarmacControl.Tests", "TarmacControl.Tests\TarmacControl.Tests.csproj", "{B8575889-BAFB-4B0A-89F3-3C9D5B869843}"
EndProject
Global
	GlobalSection(SolutionConfigurationPlatforms) = preSolution
		Debug|Any CPU = Debug|Any CPU
		Release|Any CPU = Release|Any CPU
	EndGlobalSection
	GlobalSection(ProjectConfigurationPlatforms) = postSolution
		{C9F01A8C-F244-40EB-BFEB-D07C85673E0F}.Debug|Any CPU.ActiveCfg = Debug|Any CPU
		{C9F01A8C-F244-40EB-BFEB-D07C85673E0F}.Debug|Any CPU.Build.0 = Debug|Any CPU
		{C9F01A8C-F244-40EB-BFEB-D07C85673E0F}.Release|Any CPU.ActiveCfg = Release|Any CPU
		{C9F01A8C-F244-40EB-BFEB-D07C85673E0F}.Release|Any CPU.Build.0 = Release|Any CPU
		{B8575889-BAFB-4B0A-89F3-3C9D5B869843}.Debug|Any CPU.ActiveCfg = Debug|Any CPU
		{B8575889-BAFB-4B0A-89F3-3C9D5B869843}.Debug|Any CPU.Build.0 = Debug|Any CPU
		{B8575889-BAFB-4B0A-89F3-3C9D5B869843}.Release|Any CPU.ActiveCfg = Release|Any CPU
		{B8575889-BAFB-4B0A-89F3-3C9D5B869843}.Release|Any CPU.Build.0 = Release|Any CPU
	EndGlobalSection
	GlobalSection(SolutionProperties) = preSolution
		HideSolutionNode = FALSE
	EndGlobalSection
	GlobalSection(ExtensibilityGlobals) = postSolution
		SolutionGuid = {2EFA0190-8A13-487F-B8DC-BDB70C2D690B}
	EndGlobalSection
EndGlobal
